// !$*UTF8*$!
{
	archiveVersion = 1;
	classes = {
	};
	objectVersion = 50;
	objects = {

/* Begin PBXBuildFile section */
		8D3BB728227578FC00B9E4EF /* Button.swift in Sources */ = {isa = PBXBuildFile; fileRef = 8D3BB727227578FC00B9E4EF /* Button.swift */; };
		8D48A1AC22740EAB00E98265 /* ImgeView.swift in Sources */ = {isa = PBXBuildFile; fileRef = 8D48A1AB22740EAB00E98265 /* ImgeView.swift */; };
		8D48A1B022741BE500E98265 /* View.swift in Sources */ = {isa = PBXBuildFile; fileRef = 8D48A1AF22741BE500E98265 /* View.swift */; };
		8D48A1B2227424E200E98265 /* ContactListCell.swift in Sources */ = {isa = PBXBuildFile; fileRef = 8D48A1B1227424E200E98265 /* ContactListCell.swift */; };
		8D53444222766FE9002E728E /* ContactDetailCell.swift in Sources */ = {isa = PBXBuildFile; fileRef = 8D53444122766FE9002E728E /* ContactDetailCell.swift */; };
		8D7629DB2276296300B6421B /* TextField.swift in Sources */ = {isa = PBXBuildFile; fileRef = 8D7629DA2276296300B6421B /* TextField.swift */; };
		8D958892227390AE004AF23F /* AppDelegate.swift in Sources */ = {isa = PBXBuildFile; fileRef = 8D958891227390AE004AF23F /* AppDelegate.swift */; };
		8D958897227390AE004AF23F /* Main.storyboard in Resources */ = {isa = PBXBuildFile; fileRef = 8D958895227390AE004AF23F /* Main.storyboard */; };
		8D958899227390AE004AF23F /* Assets.xcassets in Resources */ = {isa = PBXBuildFile; fileRef = 8D958898227390AE004AF23F /* Assets.xcassets */; };
		8D95889C227390AE004AF23F /* LaunchScreen.storyboard in Resources */ = {isa = PBXBuildFile; fileRef = 8D95889A227390AE004AF23F /* LaunchScreen.storyboard */; };
		8D9588A7227390AE004AF23F /* GoContactsTests.swift in Sources */ = {isa = PBXBuildFile; fileRef = 8D9588A6227390AE004AF23F /* GoContactsTests.swift */; };
		8D9588B2227390AE004AF23F /* GoContactsUITests.swift in Sources */ = {isa = PBXBuildFile; fileRef = 8D9588B1227390AE004AF23F /* GoContactsUITests.swift */; };
		8D95893622739374004AF23F /* SFUIText-Regular.ttf in Resources */ = {isa = PBXBuildFile; fileRef = 8D95890822739374004AF23F /* SFUIText-Regular.ttf */; };
		8D95893722739374004AF23F /* SFUIText-Bold.ttf in Resources */ = {isa = PBXBuildFile; fileRef = 8D95890922739374004AF23F /* SFUIText-Bold.ttf */; };
		8D95893822739374004AF23F /* SFUIText-Semibold.ttf in Resources */ = {isa = PBXBuildFile; fileRef = 8D95890A22739374004AF23F /* SFUIText-Semibold.ttf */; };
		8D95893922739374004AF23F /* ContactDetailPresenter.swift in Sources */ = {isa = PBXBuildFile; fileRef = 8D95890E22739374004AF23F /* ContactDetailPresenter.swift */; };
		8D95893A22739374004AF23F /* ContactDetailView.swift in Sources */ = {isa = PBXBuildFile; fileRef = 8D95891022739374004AF23F /* ContactDetailView.swift */; };
		8D95893B22739374004AF23F /* ContactDetailProtocols.swift in Sources */ = {isa = PBXBuildFile; fileRef = 8D95891222739374004AF23F /* ContactDetailProtocols.swift */; };
		8D95893C22739374004AF23F /* ContactDetailInteractor.swift in Sources */ = {isa = PBXBuildFile; fileRef = 8D95891422739374004AF23F /* ContactDetailInteractor.swift */; };
		8D95893D22739374004AF23F /* ContactDetailRouter.swift in Sources */ = {isa = PBXBuildFile; fileRef = 8D95891622739374004AF23F /* ContactDetailRouter.swift */; };
		8D95893F22739374004AF23F /* ContactListPresenter.swift in Sources */ = {isa = PBXBuildFile; fileRef = 8D95891A22739374004AF23F /* ContactListPresenter.swift */; };
		8D95894022739374004AF23F /* ContactListView.swift in Sources */ = {isa = PBXBuildFile; fileRef = 8D95891C22739374004AF23F /* ContactListView.swift */; };
		8D95894122739374004AF23F /* ContactListProtocols.swift in Sources */ = {isa = PBXBuildFile; fileRef = 8D95891E22739374004AF23F /* ContactListProtocols.swift */; };
		8D95894222739374004AF23F /* ContactListInteractor.swift in Sources */ = {isa = PBXBuildFile; fileRef = 8D95892022739374004AF23F /* ContactListInteractor.swift */; };
		8D95894322739374004AF23F /* ContactListRouter.swift in Sources */ = {isa = PBXBuildFile; fileRef = 8D95892222739374004AF23F /* ContactListRouter.swift */; };
		8D95894422739374004AF23F /* ContactEditPresenter.swift in Sources */ = {isa = PBXBuildFile; fileRef = 8D95892522739374004AF23F /* ContactEditPresenter.swift */; };
		8D95894522739374004AF23F /* ContactEditView.swift in Sources */ = {isa = PBXBuildFile; fileRef = 8D95892722739374004AF23F /* ContactEditView.swift */; };
		8D95894622739374004AF23F /* ContactEditProtocols.swift in Sources */ = {isa = PBXBuildFile; fileRef = 8D95892922739374004AF23F /* ContactEditProtocols.swift */; };
		8D95894722739374004AF23F /* ContactEditInteractor.swift in Sources */ = {isa = PBXBuildFile; fileRef = 8D95892B22739374004AF23F /* ContactEditInteractor.swift */; };
		8D95894822739374004AF23F /* ContactEditRouter.swift in Sources */ = {isa = PBXBuildFile; fileRef = 8D95892D22739374004AF23F /* ContactEditRouter.swift */; };
		8D95894922739374004AF23F /* Label.swift in Sources */ = {isa = PBXBuildFile; fileRef = 8D95892F22739374004AF23F /* Label.swift */; };
		8D95894A22739374004AF23F /* Appearence.swift in Sources */ = {isa = PBXBuildFile; fileRef = 8D95893022739374004AF23F /* Appearence.swift */; };
		8D95894B22739374004AF23F /* Fonts.swift in Sources */ = {isa = PBXBuildFile; fileRef = 8D95893122739374004AF23F /* Fonts.swift */; };
		8D95894C22739374004AF23F /* ViewConstants.swift in Sources */ = {isa = PBXBuildFile; fileRef = 8D95893322739374004AF23F /* ViewConstants.swift */; };
		8D95894D22739374004AF23F /* ColorConstans.swift in Sources */ = {isa = PBXBuildFile; fileRef = 8D95893422739374004AF23F /* ColorConstans.swift */; };
		8D95894E22739374004AF23F /* StoryboardConstants.swift in Sources */ = {isa = PBXBuildFile; fileRef = 8D95893522739374004AF23F /* StoryboardConstants.swift */; };
		8D95895122739C6F004AF23F /* Contact.swift in Sources */ = {isa = PBXBuildFile; fileRef = 8D95895022739C6F004AF23F /* Contact.swift */; };
		8D9589572273FE4C004AF23F /* HttpHandler.swift in Sources */ = {isa = PBXBuildFile; fileRef = 8D9589532273FE4C004AF23F /* HttpHandler.swift */; };
		8D9589582273FE4C004AF23F /* APIConstructor.swift in Sources */ = {isa = PBXBuildFile; fileRef = 8D9589542273FE4C004AF23F /* APIConstructor.swift */; };
		8D9589592273FE4C004AF23F /* UrlServiceConstans.swift in Sources */ = {isa = PBXBuildFile; fileRef = 8D9589552273FE4C004AF23F /* UrlServiceConstans.swift */; };
		8D95895A2273FE4C004AF23F /* APIErrorConstans.swift in Sources */ = {isa = PBXBuildFile; fileRef = 8D9589562273FE4C004AF23F /* APIErrorConstans.swift */; };
		8D95895D2273FE54004AF23F /* ContactServices.swift in Sources */ = {isa = PBXBuildFile; fileRef = 8D95895C2273FE54004AF23F /* ContactServices.swift */; };
/* End PBXBuildFile section */

/* Begin PBXContainerItemProxy section */
		8D9588A3227390AE004AF23F /* PBXContainerItemProxy */ = {
			isa = PBXContainerItemProxy;
			containerPortal = 8D958886227390AD004AF23F /* Project object */;
			proxyType = 1;
			remoteGlobalIDString = 8D95888D227390AE004AF23F;
			remoteInfo = GoContacts;
		};
		8D9588AE227390AE004AF23F /* PBXContainerItemProxy */ = {
			isa = PBXContainerItemProxy;
			containerPortal = 8D958886227390AD004AF23F /* Project object */;
			proxyType = 1;
			remoteGlobalIDString = 8D95888D227390AE004AF23F;
			remoteInfo = GoContacts;
		};
/* End PBXContainerItemProxy section */

/* Begin PBXFileReference section */
		8D3BB727227578FC00B9E4EF /* Button.swift */ = {isa = PBXFileReference; lastKnownFileType = sourcecode.swift; path = Button.swift; sourceTree = "<group>"; };
		8D48A1AB22740EAB00E98265 /* ImgeView.swift */ = {isa = PBXFileReference; lastKnownFileType = sourcecode.swift; path = ImgeView.swift; sourceTree = "<group>"; };
		8D48A1AF22741BE500E98265 /* View.swift */ = {isa = PBXFileReference; lastKnownFileType = sourcecode.swift; path = View.swift; sourceTree = "<group>"; };
		8D48A1B1227424E200E98265 /* ContactListCell.swift */ = {isa = PBXFileReference; lastKnownFileType = sourcecode.swift; path = ContactListCell.swift; sourceTree = "<group>"; };
		8D53444122766FE9002E728E /* ContactDetailCell.swift */ = {isa = PBXFileReference; lastKnownFileType = sourcecode.swift; path = ContactDetailCell.swift; sourceTree = "<group>"; };
		8D7629DA2276296300B6421B /* TextField.swift */ = {isa = PBXFileReference; lastKnownFileType = sourcecode.swift; path = TextField.swift; sourceTree = "<group>"; };
		8D95888E227390AE004AF23F /* GoContacts.app */ = {isa = PBXFileReference; explicitFileType = wrapper.application; includeInIndex = 0; path = GoContacts.app; sourceTree = BUILT_PRODUCTS_DIR; };
		8D958891227390AE004AF23F /* AppDelegate.swift */ = {isa = PBXFileReference; lastKnownFileType = sourcecode.swift; path = AppDelegate.swift; sourceTree = "<group>"; };
		8D958896227390AE004AF23F /* Base */ = {isa = PBXFileReference; lastKnownFileType = file.storyboard; name = Base; path = Base.lproj/Main.storyboard; sourceTree = "<group>"; };
		8D958898227390AE004AF23F /* Assets.xcassets */ = {isa = PBXFileReference; lastKnownFileType = folder.assetcatalog; path = Assets.xcassets; sourceTree = "<group>"; };
		8D95889B227390AE004AF23F /* Base */ = {isa = PBXFileReference; lastKnownFileType = file.storyboard; name = Base; path = Base.lproj/LaunchScreen.storyboard; sourceTree = "<group>"; };
		8D95889D227390AE004AF23F /* Info.plist */ = {isa = PBXFileReference; lastKnownFileType = text.plist.xml; path = Info.plist; sourceTree = "<group>"; };
		8D9588A2227390AE004AF23F /* GoContactsTests.xctest */ = {isa = PBXFileReference; explicitFileType = wrapper.cfbundle; includeInIndex = 0; path = GoContactsTests.xctest; sourceTree = BUILT_PRODUCTS_DIR; };
		8D9588A6227390AE004AF23F /* GoContactsTests.swift */ = {isa = PBXFileReference; lastKnownFileType = sourcecode.swift; path = GoContactsTests.swift; sourceTree = "<group>"; };
		8D9588A8227390AE004AF23F /* Info.plist */ = {isa = PBXFileReference; lastKnownFileType = text.plist.xml; path = Info.plist; sourceTree = "<group>"; };
		8D9588AD227390AE004AF23F /* GoContactsUITests.xctest */ = {isa = PBXFileReference; explicitFileType = wrapper.cfbundle; includeInIndex = 0; path = GoContactsUITests.xctest; sourceTree = BUILT_PRODUCTS_DIR; };
		8D9588B1227390AE004AF23F /* GoContactsUITests.swift */ = {isa = PBXFileReference; lastKnownFileType = sourcecode.swift; path = GoContactsUITests.swift; sourceTree = "<group>"; };
		8D9588B3227390AE004AF23F /* Info.plist */ = {isa = PBXFileReference; lastKnownFileType = text.plist.xml; path = Info.plist; sourceTree = "<group>"; };
		8D95890822739374004AF23F /* SFUIText-Regular.ttf */ = {isa = PBXFileReference; lastKnownFileType = file; path = "SFUIText-Regular.ttf"; sourceTree = "<group>"; };
		8D95890922739374004AF23F /* SFUIText-Bold.ttf */ = {isa = PBXFileReference; lastKnownFileType = file; path = "SFUIText-Bold.ttf"; sourceTree = "<group>"; };
		8D95890A22739374004AF23F /* SFUIText-Semibold.ttf */ = {isa = PBXFileReference; lastKnownFileType = file; path = "SFUIText-Semibold.ttf"; sourceTree = "<group>"; };
		8D95890E22739374004AF23F /* ContactDetailPresenter.swift */ = {isa = PBXFileReference; fileEncoding = 4; lastKnownFileType = sourcecode.swift; path = ContactDetailPresenter.swift; sourceTree = "<group>"; };
		8D95891022739374004AF23F /* ContactDetailView.swift */ = {isa = PBXFileReference; fileEncoding = 4; lastKnownFileType = sourcecode.swift; path = ContactDetailView.swift; sourceTree = "<group>"; };
		8D95891222739374004AF23F /* ContactDetailProtocols.swift */ = {isa = PBXFileReference; fileEncoding = 4; lastKnownFileType = sourcecode.swift; path = ContactDetailProtocols.swift; sourceTree = "<group>"; };
		8D95891422739374004AF23F /* ContactDetailInteractor.swift */ = {isa = PBXFileReference; fileEncoding = 4; lastKnownFileType = sourcecode.swift; path = ContactDetailInteractor.swift; sourceTree = "<group>"; };
		8D95891622739374004AF23F /* ContactDetailRouter.swift */ = {isa = PBXFileReference; fileEncoding = 4; lastKnownFileType = sourcecode.swift; path = ContactDetailRouter.swift; sourceTree = "<group>"; };
		8D95891A22739374004AF23F /* ContactListPresenter.swift */ = {isa = PBXFileReference; fileEncoding = 4; lastKnownFileType = sourcecode.swift; path = ContactListPresenter.swift; sourceTree = "<group>"; };
		8D95891C22739374004AF23F /* ContactListView.swift */ = {isa = PBXFileReference; fileEncoding = 4; lastKnownFileType = sourcecode.swift; path = ContactListView.swift; sourceTree = "<group>"; };
		8D95891E22739374004AF23F /* ContactListProtocols.swift */ = {isa = PBXFileReference; fileEncoding = 4; lastKnownFileType = sourcecode.swift; path = ContactListProtocols.swift; sourceTree = "<group>"; };
		8D95892022739374004AF23F /* ContactListInteractor.swift */ = {isa = PBXFileReference; fileEncoding = 4; lastKnownFileType = sourcecode.swift; path = ContactListInteractor.swift; sourceTree = "<group>"; };
		8D95892222739374004AF23F /* ContactListRouter.swift */ = {isa = PBXFileReference; fileEncoding = 4; lastKnownFileType = sourcecode.swift; path = ContactListRouter.swift; sourceTree = "<group>"; };
		8D95892522739374004AF23F /* ContactEditPresenter.swift */ = {isa = PBXFileReference; fileEncoding = 4; lastKnownFileType = sourcecode.swift; path = ContactEditPresenter.swift; sourceTree = "<group>"; };
		8D95892722739374004AF23F /* ContactEditView.swift */ = {isa = PBXFileReference; fileEncoding = 4; lastKnownFileType = sourcecode.swift; path = ContactEditView.swift; sourceTree = "<group>"; };
		8D95892922739374004AF23F /* ContactEditProtocols.swift */ = {isa = PBXFileReference; fileEncoding = 4; lastKnownFileType = sourcecode.swift; path = ContactEditProtocols.swift; sourceTree = "<group>"; };
		8D95892B22739374004AF23F /* ContactEditInteractor.swift */ = {isa = PBXFileReference; fileEncoding = 4; lastKnownFileType = sourcecode.swift; path = ContactEditInteractor.swift; sourceTree = "<group>"; };
		8D95892D22739374004AF23F /* ContactEditRouter.swift */ = {isa = PBXFileReference; fileEncoding = 4; lastKnownFileType = sourcecode.swift; path = ContactEditRouter.swift; sourceTree = "<group>"; };
		8D95892F22739374004AF23F /* Label.swift */ = {isa = PBXFileReference; fileEncoding = 4; lastKnownFileType = sourcecode.swift; path = Label.swift; sourceTree = "<group>"; };
		8D95893022739374004AF23F /* Appearence.swift */ = {isa = PBXFileReference; fileEncoding = 4; lastKnownFileType = sourcecode.swift; path = Appearence.swift; sourceTree = "<group>"; };
		8D95893122739374004AF23F /* Fonts.swift */ = {isa = PBXFileReference; fileEncoding = 4; lastKnownFileType = sourcecode.swift; path = Fonts.swift; sourceTree = "<group>"; };
		8D95893322739374004AF23F /* ViewConstants.swift */ = {isa = PBXFileReference; fileEncoding = 4; lastKnownFileType = sourcecode.swift; path = ViewConstants.swift; sourceTree = "<group>"; };
		8D95893422739374004AF23F /* ColorConstans.swift */ = {isa = PBXFileReference; fileEncoding = 4; lastKnownFileType = sourcecode.swift; path = ColorConstans.swift; sourceTree = "<group>"; };
		8D95893522739374004AF23F /* StoryboardConstants.swift */ = {isa = PBXFileReference; fileEncoding = 4; lastKnownFileType = sourcecode.swift; path = StoryboardConstants.swift; sourceTree = "<group>"; };
		8D95895022739C6F004AF23F /* Contact.swift */ = {isa = PBXFileReference; lastKnownFileType = sourcecode.swift; path = Contact.swift; sourceTree = "<group>"; };
		8D9589532273FE4C004AF23F /* HttpHandler.swift */ = {isa = PBXFileReference; fileEncoding = 4; lastKnownFileType = sourcecode.swift; path = HttpHandler.swift; sourceTree = "<group>"; };
		8D9589542273FE4C004AF23F /* APIConstructor.swift */ = {isa = PBXFileReference; fileEncoding = 4; lastKnownFileType = sourcecode.swift; path = APIConstructor.swift; sourceTree = "<group>"; };
		8D9589552273FE4C004AF23F /* UrlServiceConstans.swift */ = {isa = PBXFileReference; fileEncoding = 4; lastKnownFileType = sourcecode.swift; path = UrlServiceConstans.swift; sourceTree = "<group>"; };
		8D9589562273FE4C004AF23F /* APIErrorConstans.swift */ = {isa = PBXFileReference; fileEncoding = 4; lastKnownFileType = sourcecode.swift; path = APIErrorConstans.swift; sourceTree = "<group>"; };
		8D95895C2273FE54004AF23F /* ContactServices.swift */ = {isa = PBXFileReference; fileEncoding = 4; lastKnownFileType = sourcecode.swift; path = ContactServices.swift; sourceTree = "<group>"; };
/* End PBXFileReference section */

/* Begin PBXFrameworksBuildPhase section */
		8D95888B227390AE004AF23F /* Frameworks */ = {
			isa = PBXFrameworksBuildPhase;
			buildActionMask = 2147483647;
			files = (
			);
			runOnlyForDeploymentPostprocessing = 0;
		};
		8D95889F227390AE004AF23F /* Frameworks */ = {
			isa = PBXFrameworksBuildPhase;
			buildActionMask = 2147483647;
			files = (
			);
			runOnlyForDeploymentPostprocessing = 0;
		};
		8D9588AA227390AE004AF23F /* Frameworks */ = {
			isa = PBXFrameworksBuildPhase;
			buildActionMask = 2147483647;
			files = (
			);
			runOnlyForDeploymentPostprocessing = 0;
		};
/* End PBXFrameworksBuildPhase section */

/* Begin PBXGroup section */
		8D958885227390AD004AF23F = {
			isa = PBXGroup;
			children = (
				8D9589522273FE4C004AF23F /* Http */,
				8D958890227390AE004AF23F /* GoContacts */,
				8D9588A5227390AE004AF23F /* GoContactsTests */,
				8D9588B0227390AE004AF23F /* GoContactsUITests */,
				8D95888F227390AE004AF23F /* Products */,
			);
			sourceTree = "<group>";
		};
		8D95888F227390AE004AF23F /* Products */ = {
			isa = PBXGroup;
			children = (
				8D95888E227390AE004AF23F /* GoContacts.app */,
				8D9588A2227390AE004AF23F /* GoContactsTests.xctest */,
				8D9588AD227390AE004AF23F /* GoContactsUITests.xctest */,
			);
			name = Products;
			sourceTree = "<group>";
		};
		8D958890227390AE004AF23F /* GoContacts */ = {
			isa = PBXGroup;
			children = (
				8D95894F22739C62004AF23F /* Models */,
				8D95890722739374004AF23F /* Resources */,
				8D95890B22739374004AF23F /* Components */,
				8D95893222739374004AF23F /* Helpers */,
				8D95892E22739374004AF23F /* UI */,
				8D958891227390AE004AF23F /* AppDelegate.swift */,
				8D958895227390AE004AF23F /* Main.storyboard */,
				8D958898227390AE004AF23F /* Assets.xcassets */,
				8D95889A227390AE004AF23F /* LaunchScreen.storyboard */,
				8D95889D227390AE004AF23F /* Info.plist */,
			);
			path = GoContacts;
			sourceTree = "<group>";
		};
		8D9588A5227390AE004AF23F /* GoContactsTests */ = {
			isa = PBXGroup;
			children = (
				8D9588A6227390AE004AF23F /* GoContactsTests.swift */,
				8D9588A8227390AE004AF23F /* Info.plist */,
			);
			path = GoContactsTests;
			sourceTree = "<group>";
		};
		8D9588B0227390AE004AF23F /* GoContactsUITests */ = {
			isa = PBXGroup;
			children = (
				8D9588B1227390AE004AF23F /* GoContactsUITests.swift */,
				8D9588B3227390AE004AF23F /* Info.plist */,
			);
			path = GoContactsUITests;
			sourceTree = "<group>";
		};
		8D95890722739374004AF23F /* Resources */ = {
			isa = PBXGroup;
			children = (
				8D95890822739374004AF23F /* SFUIText-Regular.ttf */,
				8D95890922739374004AF23F /* SFUIText-Bold.ttf */,
				8D95890A22739374004AF23F /* SFUIText-Semibold.ttf */,
			);
			path = Resources;
			sourceTree = "<group>";
		};
		8D95890B22739374004AF23F /* Components */ = {
			isa = PBXGroup;
			children = (
				8D95890C22739374004AF23F /* ContactDetail */,
				8D95891822739374004AF23F /* ContactList */,
				8D95892322739374004AF23F /* ContactEdit */,
			);
			path = Components;
			sourceTree = "<group>";
		};
		8D95890C22739374004AF23F /* ContactDetail */ = {
			isa = PBXGroup;
			children = (
				8D95891222739374004AF23F /* ContactDetailProtocols.swift */,
				8D95890E22739374004AF23F /* ContactDetailPresenter.swift */,
				8D95891422739374004AF23F /* ContactDetailInteractor.swift */,
				8D95891622739374004AF23F /* ContactDetailRouter.swift */,
				8D95891022739374004AF23F /* ContactDetailView.swift */,
				8D53444122766FE9002E728E /* ContactDetailCell.swift */,
			);
			path = ContactDetail;
			sourceTree = "<group>";
		};
		8D95891822739374004AF23F /* ContactList */ = {
			isa = PBXGroup;
			children = (
				8D95891E22739374004AF23F /* ContactListProtocols.swift */,
				8D95891A22739374004AF23F /* ContactListPresenter.swift */,
				8D95892022739374004AF23F /* ContactListInteractor.swift */,
				8D95892222739374004AF23F /* ContactListRouter.swift */,
				8D95891C22739374004AF23F /* ContactListView.swift */,
				8D48A1B1227424E200E98265 /* ContactListCell.swift */,
			);
			path = ContactList;
			sourceTree = "<group>";
		};
		8D95892322739374004AF23F /* ContactEdit */ = {
			isa = PBXGroup;
			children = (
				8D95892922739374004AF23F /* ContactEditProtocols.swift */,
				8D95892522739374004AF23F /* ContactEditPresenter.swift */,
				8D95892B22739374004AF23F /* ContactEditInteractor.swift */,
				8D95892D22739374004AF23F /* ContactEditRouter.swift */,
				8D95892722739374004AF23F /* ContactEditView.swift */,
			);
			path = ContactEdit;
			sourceTree = "<group>";
		};
		8D95892E22739374004AF23F /* UI */ = {
			isa = PBXGroup;
			children = (
				8D95892F22739374004AF23F /* Label.swift */,
				8D95893022739374004AF23F /* Appearence.swift */,
				8D48A1AF22741BE500E98265 /* View.swift */,
				8D95893122739374004AF23F /* Fonts.swift */,
				8D48A1AB22740EAB00E98265 /* ImgeView.swift */,
				8D3BB727227578FC00B9E4EF /* Button.swift */,
				8D7629DA2276296300B6421B /* TextField.swift */,
			);
			path = UI;
			sourceTree = "<group>";
		};
		8D95893222739374004AF23F /* Helpers */ = {
			isa = PBXGroup;
			children = (
				8D95893322739374004AF23F /* ViewConstants.swift */,
				8D95893422739374004AF23F /* ColorConstans.swift */,
				8D95893522739374004AF23F /* StoryboardConstants.swift */,
			);
			path = Helpers;
			sourceTree = "<group>";
		};
		8D95894F22739C62004AF23F /* Models */ = {
			isa = PBXGroup;
			children = (
				8D95895022739C6F004AF23F /* Contact.swift */,
			);
			path = Models;
			sourceTree = "<group>";
		};
		8D9589522273FE4C004AF23F /* Http */ = {
			isa = PBXGroup;
			children = (
				8D9589532273FE4C004AF23F /* HttpHandler.swift */,
				8D9589542273FE4C004AF23F /* APIConstructor.swift */,
				8D9589552273FE4C004AF23F /* UrlServiceConstans.swift */,
				8D9589562273FE4C004AF23F /* APIErrorConstans.swift */,
				8D95895B2273FE54004AF23F /* Services */,
			);
			path = Http;
			sourceTree = "<group>";
		};
		8D95895B2273FE54004AF23F /* Services */ = {
			isa = PBXGroup;
			children = (
				8D95895C2273FE54004AF23F /* ContactServices.swift */,
			);
			path = Services;
			sourceTree = "<group>";
		};
/* End PBXGroup section */

/* Begin PBXNativeTarget section */
		8D95888D227390AE004AF23F /* GoContacts */ = {
			isa = PBXNativeTarget;
			buildConfigurationList = 8D9588B6227390AE004AF23F /* Build configuration list for PBXNativeTarget "GoContacts" */;
			buildPhases = (
				8D95888A227390AE004AF23F /* Sources */,
				8D95888B227390AE004AF23F /* Frameworks */,
				8D95888C227390AE004AF23F /* Resources */,
			);
			buildRules = (
			);
			dependencies = (
			);
			name = GoContacts;
			productName = GoContacts;
			productReference = 8D95888E227390AE004AF23F /* GoContacts.app */;
			productType = "com.apple.product-type.application";
		};
		8D9588A1227390AE004AF23F /* GoContactsTests */ = {
			isa = PBXNativeTarget;
			buildConfigurationList = 8D9588B9227390AE004AF23F /* Build configuration list for PBXNativeTarget "GoContactsTests" */;
			buildPhases = (
				8D95889E227390AE004AF23F /* Sources */,
				8D95889F227390AE004AF23F /* Frameworks */,
				8D9588A0227390AE004AF23F /* Resources */,
			);
			buildRules = (
			);
			dependencies = (
				8D9588A4227390AE004AF23F /* PBXTargetDependency */,
			);
			name = GoContactsTests;
			productName = GoContactsTests;
			productReference = 8D9588A2227390AE004AF23F /* GoContactsTests.xctest */;
			productType = "com.apple.product-type.bundle.unit-test";
		};
		8D9588AC227390AE004AF23F /* GoContactsUITests */ = {
			isa = PBXNativeTarget;
			buildConfigurationList = 8D9588BC227390AE004AF23F /* Build configuration list for PBXNativeTarget "GoContactsUITests" */;
			buildPhases = (
				8D9588A9227390AE004AF23F /* Sources */,
				8D9588AA227390AE004AF23F /* Frameworks */,
				8D9588AB227390AE004AF23F /* Resources */,
			);
			buildRules = (
			);
			dependencies = (
				8D9588AF227390AE004AF23F /* PBXTargetDependency */,
			);
			name = GoContactsUITests;
			productName = GoContactsUITests;
			productReference = 8D9588AD227390AE004AF23F /* GoContactsUITests.xctest */;
			productType = "com.apple.product-type.bundle.ui-testing";
		};
/* End PBXNativeTarget section */

/* Begin PBXProject section */
		8D958886227390AD004AF23F /* Project object */ = {
			isa = PBXProject;
			attributes = {
				LastSwiftUpdateCheck = 1010;
				LastUpgradeCheck = 1010;
				ORGANIZATIONNAME = "Damodar, Namala (623-Extern)";
				TargetAttributes = {
					8D95888D227390AE004AF23F = {
						CreatedOnToolsVersion = 10.1;
					};
					8D9588A1227390AE004AF23F = {
						CreatedOnToolsVersion = 10.1;
						TestTargetID = 8D95888D227390AE004AF23F;
					};
					8D9588AC227390AE004AF23F = {
						CreatedOnToolsVersion = 10.1;
						TestTargetID = 8D95888D227390AE004AF23F;
					};
				};
			};
			buildConfigurationList = 8D958889227390AD004AF23F /* Build configuration list for PBXProject "GoContacts" */;
			compatibilityVersion = "Xcode 9.3";
			developmentRegion = en;
			hasScannedForEncodings = 0;
			knownRegions = (
				en,
				Base,
			);
			mainGroup = 8D958885227390AD004AF23F;
			productRefGroup = 8D95888F227390AE004AF23F /* Products */;
			projectDirPath = "";
			projectRoot = "";
			targets = (
				8D95888D227390AE004AF23F /* GoContacts */,
				8D9588A1227390AE004AF23F /* GoContactsTests */,
				8D9588AC227390AE004AF23F /* GoContactsUITests */,
			);
		};
/* End PBXProject section */

/* Begin PBXResourcesBuildPhase section */
		8D95888C227390AE004AF23F /* Resources */ = {
			isa = PBXResourcesBuildPhase;
			buildActionMask = 2147483647;
			files = (
				8D95889C227390AE004AF23F /* LaunchScreen.storyboard in Resources */,
				8D95893822739374004AF23F /* SFUIText-Semibold.ttf in Resources */,
				8D958899227390AE004AF23F /* Assets.xcassets in Resources */,
				8D958897227390AE004AF23F /* Main.storyboard in Resources */,
				8D95893722739374004AF23F /* SFUIText-Bold.ttf in Resources */,
				8D95893622739374004AF23F /* SFUIText-Regular.ttf in Resources */,
			);
			runOnlyForDeploymentPostprocessing = 0;
		};
		8D9588A0227390AE004AF23F /* Resources */ = {
			isa = PBXResourcesBuildPhase;
			buildActionMask = 2147483647;
			files = (
			);
			runOnlyForDeploymentPostprocessing = 0;
		};
		8D9588AB227390AE004AF23F /* Resources */ = {
			isa = PBXResourcesBuildPhase;
			buildActionMask = 2147483647;
			files = (
			);
			runOnlyForDeploymentPostprocessing = 0;
		};
/* End PBXResourcesBuildPhase section */

/* Begin PBXSourcesBuildPhase section */
		8D95888A227390AE004AF23F /* Sources */ = {
			isa = PBXSourcesBuildPhase;
			buildActionMask = 2147483647;
			files = (
				8D95895A2273FE4C004AF23F /* APIErrorConstans.swift in Sources */,
				8D53444222766FE9002E728E /* ContactDetailCell.swift in Sources */,
				8D95894022739374004AF23F /* ContactListView.swift in Sources */,
				8D9589582273FE4C004AF23F /* APIConstructor.swift in Sources */,
				8D3BB728227578FC00B9E4EF /* Button.swift in Sources */,
				8D95893C22739374004AF23F /* ContactDetailInteractor.swift in Sources */,
				8D48A1AC22740EAB00E98265 /* ImgeView.swift in Sources */,
				8D95894122739374004AF23F /* ContactListProtocols.swift in Sources */,
				8D95894722739374004AF23F /* ContactEditInteractor.swift in Sources */,
				8D95895122739C6F004AF23F /* Contact.swift in Sources */,
				8D95894222739374004AF23F /* ContactListInteractor.swift in Sources */,
				8D95893A22739374004AF23F /* ContactDetailView.swift in Sources */,
				8D95894D22739374004AF23F /* ColorConstans.swift in Sources */,
				8D7629DB2276296300B6421B /* TextField.swift in Sources */,
				8D95894522739374004AF23F /* ContactEditView.swift in Sources */,
				8D95893B22739374004AF23F /* ContactDetailProtocols.swift in Sources */,
				8D9589572273FE4C004AF23F /* HttpHandler.swift in Sources */,
				8D95894822739374004AF23F /* ContactEditRouter.swift in Sources */,
				8D95894C22739374004AF23F /* ViewConstants.swift in Sources */,
				8D95893D22739374004AF23F /* ContactDetailRouter.swift in Sources */,
				8D95895D2273FE54004AF23F /* ContactServices.swift in Sources */,
				8D95894A22739374004AF23F /* Appearence.swift in Sources */,
				8D95893F22739374004AF23F /* ContactListPresenter.swift in Sources */,
				8D95893922739374004AF23F /* ContactDetailPresenter.swift in Sources */,
				8D95894E22739374004AF23F /* StoryboardConstants.swift in Sources */,
				8D95894622739374004AF23F /* ContactEditProtocols.swift in Sources */,
				8D48A1B2227424E200E98265 /* ContactListCell.swift in Sources */,
				8D95894922739374004AF23F /* Label.swift in Sources */,
				8D95894B22739374004AF23F /* Fonts.swift in Sources */,
				8D958892227390AE004AF23F /* AppDelegate.swift in Sources */,
				8D48A1B022741BE500E98265 /* View.swift in Sources */,
				8D95894422739374004AF23F /* ContactEditPresenter.swift in Sources */,
				8D9589592273FE4C004AF23F /* UrlServiceConstans.swift in Sources */,
				8D95894322739374004AF23F /* ContactListRouter.swift in Sources */,
			);
			runOnlyForDeploymentPostprocessing = 0;
		};
		8D95889E227390AE004AF23F /* Sources */ = {
			isa = PBXSourcesBuildPhase;
			buildActionMask = 2147483647;
			files = (
				8D9588A7227390AE004AF23F /* GoContactsTests.swift in Sources */,
			);
			runOnlyForDeploymentPostprocessing = 0;
		};
		8D9588A9227390AE004AF23F /* Sources */ = {
			isa = PBXSourcesBuildPhase;
			buildActionMask = 2147483647;
			files = (
				8D9588B2227390AE004AF23F /* GoContactsUITests.swift in Sources */,
			);
			runOnlyForDeploymentPostprocessing = 0;
		};
/* End PBXSourcesBuildPhase section */

/* Begin PBXTargetDependency section */
		8D9588A4227390AE004AF23F /* PBXTargetDependency */ = {
			isa = PBXTargetDependency;
			target = 8D95888D227390AE004AF23F /* GoContacts */;
			targetProxy = 8D9588A3227390AE004AF23F /* PBXContainerItemProxy */;
		};
		8D9588AF227390AE004AF23F /* PBXTargetDependency */ = {
			isa = PBXTargetDependency;
			target = 8D95888D227390AE004AF23F /* GoContacts */;
			targetProxy = 8D9588AE227390AE004AF23F /* PBXContainerItemProxy */;
		};
/* End PBXTargetDependency section */

/* Begin PBXVariantGroup section */
		8D958895227390AE004AF23F /* Main.storyboard */ = {
			isa = PBXVariantGroup;
			children = (
				8D958896227390AE004AF23F /* Base */,
			);
			name = Main.storyboard;
			sourceTree = "<group>";
		};
		8D95889A227390AE004AF23F /* LaunchScreen.storyboard */ = {
			isa = PBXVariantGroup;
			children = (
				8D95889B227390AE004AF23F /* Base */,
			);
			name = LaunchScreen.storyboard;
			sourceTree = "<group>";
		};
/* End PBXVariantGroup section */

/* Begin XCBuildConfiguration section */
		8D9588B4227390AE004AF23F /* Debug */ = {
			isa = XCBuildConfiguration;
			buildSettings = {
				ALWAYS_SEARCH_USER_PATHS = NO;
				CLANG_ANALYZER_NONNULL = YES;
				CLANG_ANALYZER_NUMBER_OBJECT_CONVERSION = YES_AGGRESSIVE;
				CLANG_CXX_LANGUAGE_STANDARD = "gnu++14";
				CLANG_CXX_LIBRARY = "libc++";
				CLANG_ENABLE_MODULES = YES;
				CLANG_ENABLE_OBJC_ARC = YES;
				CLANG_ENABLE_OBJC_WEAK = YES;
				CLANG_WARN_BLOCK_CAPTURE_AUTORELEASING = YES;
				CLANG_WARN_BOOL_CONVERSION = YES;
				CLANG_WARN_COMMA = YES;
				CLANG_WARN_CONSTANT_CONVERSION = YES;
				CLANG_WARN_DEPRECATED_OBJC_IMPLEMENTATIONS = YES;
				CLANG_WARN_DIRECT_OBJC_ISA_USAGE = YES_ERROR;
				CLANG_WARN_DOCUMENTATION_COMMENTS = YES;
				CLANG_WARN_EMPTY_BODY = YES;
				CLANG_WARN_ENUM_CONVERSION = YES;
				CLANG_WARN_INFINITE_RECURSION = YES;
				CLANG_WARN_INT_CONVERSION = YES;
				CLANG_WARN_NON_LITERAL_NULL_CONVERSION = YES;
				CLANG_WARN_OBJC_IMPLICIT_RETAIN_SELF = YES;
				CLANG_WARN_OBJC_LITERAL_CONVERSION = YES;
				CLANG_WARN_OBJC_ROOT_CLASS = YES_ERROR;
				CLANG_WARN_RANGE_LOOP_ANALYSIS = YES;
				CLANG_WARN_STRICT_PROTOTYPES = YES;
				CLANG_WARN_SUSPICIOUS_MOVE = YES;
				CLANG_WARN_UNGUARDED_AVAILABILITY = YES_AGGRESSIVE;
				CLANG_WARN_UNREACHABLE_CODE = YES;
				CLANG_WARN__DUPLICATE_METHOD_MATCH = YES;
				CODE_SIGN_IDENTITY = "iPhone Developer";
				COPY_PHASE_STRIP = NO;
				DEBUG_INFORMATION_FORMAT = dwarf;
				ENABLE_STRICT_OBJC_MSGSEND = YES;
				ENABLE_TESTABILITY = YES;
				GCC_C_LANGUAGE_STANDARD = gnu11;
				GCC_DYNAMIC_NO_PIC = NO;
				GCC_NO_COMMON_BLOCKS = YES;
				GCC_OPTIMIZATION_LEVEL = 0;
				GCC_PREPROCESSOR_DEFINITIONS = (
					"DEBUG=1",
					"$(inherited)",
				);
				GCC_WARN_64_TO_32_BIT_CONVERSION = YES;
				GCC_WARN_ABOUT_RETURN_TYPE = YES_ERROR;
				GCC_WARN_UNDECLARED_SELECTOR = YES;
				GCC_WARN_UNINITIALIZED_AUTOS = YES_AGGRESSIVE;
				GCC_WARN_UNUSED_FUNCTION = YES;
				GCC_WARN_UNUSED_VARIABLE = YES;
				IPHONEOS_DEPLOYMENT_TARGET = 12.1;
				MTL_ENABLE_DEBUG_INFO = INCLUDE_SOURCE;
				MTL_FAST_MATH = YES;
				ONLY_ACTIVE_ARCH = YES;
				SDKROOT = iphoneos;
				SWIFT_ACTIVE_COMPILATION_CONDITIONS = DEBUG;
				SWIFT_OPTIMIZATION_LEVEL = "-Onone";
			};
			name = Debug;
		};
		8D9588B5227390AE004AF23F /* Release */ = {
			isa = XCBuildConfiguration;
			buildSettings = {
				ALWAYS_SEARCH_USER_PATHS = NO;
				CLANG_ANALYZER_NONNULL = YES;
				CLANG_ANALYZER_NUMBER_OBJECT_CONVERSION = YES_AGGRESSIVE;
				CLANG_CXX_LANGUAGE_STANDARD = "gnu++14";
				CLANG_CXX_LIBRARY = "libc++";
				CLANG_ENABLE_MODULES = YES;
				CLANG_ENABLE_OBJC_ARC = YES;
				CLANG_ENABLE_OBJC_WEAK = YES;
				CLANG_WARN_BLOCK_CAPTURE_AUTORELEASING = YES;
				CLANG_WARN_BOOL_CONVERSION = YES;
				CLANG_WARN_COMMA = YES;
				CLANG_WARN_CONSTANT_CONVERSION = YES;
				CLANG_WARN_DEPRECATED_OBJC_IMPLEMENTATIONS = YES;
				CLANG_WARN_DIRECT_OBJC_ISA_USAGE = YES_ERROR;
				CLANG_WARN_DOCUMENTATION_COMMENTS = YES;
				CLANG_WARN_EMPTY_BODY = YES;
				CLANG_WARN_ENUM_CONVERSION = YES;
				CLANG_WARN_INFINITE_RECURSION = YES;
				CLANG_WARN_INT_CONVERSION = YES;
				CLANG_WARN_NON_LITERAL_NULL_CONVERSION = YES;
				CLANG_WARN_OBJC_IMPLICIT_RETAIN_SELF = YES;
				CLANG_WARN_OBJC_LITERAL_CONVERSION = YES;
				CLANG_WARN_OBJC_ROOT_CLASS = YES_ERROR;
				CLANG_WARN_RANGE_LOOP_ANALYSIS = YES;
				CLANG_WARN_STRICT_PROTOTYPES = YES;
				CLANG_WARN_SUSPICIOUS_MOVE = YES;
				CLANG_WARN_UNGUARDED_AVAILABILITY = YES_AGGRESSIVE;
				CLANG_WARN_UNREACHABLE_CODE = YES;
				CLANG_WARN__DUPLICATE_METHOD_MATCH = YES;
				CODE_SIGN_IDENTITY = "iPhone Developer";
				COPY_PHASE_STRIP = NO;
				DEBUG_INFORMATION_FORMAT = "dwarf-with-dsym";
				ENABLE_NS_ASSERTIONS = NO;
				ENABLE_STRICT_OBJC_MSGSEND = YES;
				GCC_C_LANGUAGE_STANDARD = gnu11;
				GCC_NO_COMMON_BLOCKS = YES;
				GCC_WARN_64_TO_32_BIT_CONVERSION = YES;
				GCC_WARN_ABOUT_RETURN_TYPE = YES_ERROR;
				GCC_WARN_UNDECLARED_SELECTOR = YES;
				GCC_WARN_UNINITIALIZED_AUTOS = YES_AGGRESSIVE;
				GCC_WARN_UNUSED_FUNCTION = YES;
				GCC_WARN_UNUSED_VARIABLE = YES;
				IPHONEOS_DEPLOYMENT_TARGET = 12.1;
				MTL_ENABLE_DEBUG_INFO = NO;
				MTL_FAST_MATH = YES;
				SDKROOT = iphoneos;
				SWIFT_COMPILATION_MODE = wholemodule;
				SWIFT_OPTIMIZATION_LEVEL = "-O";
				VALIDATE_PRODUCT = YES;
			};
			name = Release;
		};
		8D9588B7227390AE004AF23F /* Debug */ = {
			isa = XCBuildConfiguration;
			buildSettings = {
				ASSETCATALOG_COMPILER_APPICON_NAME = AppIcon;
				CODE_SIGN_STYLE = Automatic;
				INFOPLIST_FILE = GoContacts/Info.plist;
				LD_RUNPATH_SEARCH_PATHS = (
					"$(inherited)",
					"@executable_path/Frameworks",
				);
				PRODUCT_BUNDLE_IDENTIFIER = gojek.GoContacts;
				PRODUCT_NAME = "$(TARGET_NAME)";
				SWIFT_VERSION = 4.2;
				TARGETED_DEVICE_FAMILY = "1,2";
			};
			name = Debug;
		};
		8D9588B8227390AE004AF23F /* Release */ = {
			isa = XCBuildConfiguration;
			buildSettings = {
				ASSETCATALOG_COMPILER_APPICON_NAME = AppIcon;
				CODE_SIGN_STYLE = Automatic;
				INFOPLIST_FILE = GoContacts/Info.plist;
				LD_RUNPATH_SEARCH_PATHS = (
					"$(inherited)",
					"@executable_path/Frameworks",
				);
				PRODUCT_BUNDLE_IDENTIFIER = gojek.GoContacts;
				PRODUCT_NAME = "$(TARGET_NAME)";
				SWIFT_VERSION = 4.2;
				TARGETED_DEVICE_FAMILY = "1,2";
			};
			name = Release;
		};
		8D9588BA227390AE004AF23F /* Debug */ = {
			isa = XCBuildConfiguration;
			buildSettings = {
				ALWAYS_EMBED_SWIFT_STANDARD_LIBRARIES = YES;
				BUNDLE_LOADER = "$(TEST_HOST)";
				CODE_SIGN_STYLE = Automatic;
				INFOPLIST_FILE = GoContactsTests/Info.plist;
				LD_RUNPATH_SEARCH_PATHS = (
					"$(inherited)",
					"@executable_path/Frameworks",
					"@loader_path/Frameworks",
				);
				PRODUCT_BUNDLE_IDENTIFIER = gojek.GoContactsTests;
				PRODUCT_NAME = "$(TARGET_NAME)";
				SWIFT_VERSION = 4.2;
				TARGETED_DEVICE_FAMILY = "1,2";
				TEST_HOST = "$(BUILT_PRODUCTS_DIR)/GoContacts.app/GoContacts";
			};
			name = Debug;
		};
		8D9588BB227390AE004AF23F /* Release */ = {
			isa = XCBuildConfiguration;
			buildSettings = {
				ALWAYS_EMBED_SWIFT_STANDARD_LIBRARIES = YES;
				BUNDLE_LOADER = "$(TEST_HOST)";
				CODE_SIGN_STYLE = Automatic;
				INFOPLIST_FILE = GoContactsTests/Info.plist;
				LD_RUNPATH_SEARCH_PATHS = (
					"$(inherited)",
					"@executable_path/Frameworks",
					"@loader_path/Frameworks",
				);
				PRODUCT_BUNDLE_IDENTIFIER = gojek.GoContactsTests;
				PRODUCT_NAME = "$(TARGET_NAME)";
				SWIFT_VERSION = 4.2;
				TARGETED_DEVICE_FAMILY = "1,2";
				TEST_HOST = "$(BUILT_PRODUCTS_DIR)/GoContacts.app/GoContacts";
			};
			name = Release;
		};
		8D9588BD227390AE004AF23F /* Debug */ = {
			isa = XCBuildConfiguration;
			buildSettings = {
				ALWAYS_EMBED_SWIFT_STANDARD_LIBRARIES = YES;
				CODE_SIGN_STYLE = Automatic;
				INFOPLIST_FILE = GoContactsUITests/Info.plist;
				LD_RUNPATH_SEARCH_PATHS = (
					"$(inherited)",
					"@executable_path/Frameworks",
					"@loader_path/Frameworks",
				);
				PRODUCT_BUNDLE_IDENTIFIER = gojek.GoContactsUITests;
				PRODUCT_NAME = "$(TARGET_NAME)";
				SWIFT_VERSION = 4.2;
				TARGETED_DEVICE_FAMILY = "1,2";
				TEST_TARGET_NAME = GoContacts;
			};
			name = Debug;
		};
		8D9588BE227390AE004AF23F /* Release */ = {
			isa = XCBuildConfiguration;
			buildSettings = {
				ALWAYS_EMBED_SWIFT_STANDARD_LIBRARIES = YES;
				CODE_SIGN_STYLE = Automatic;
				INFOPLIST_FILE = GoContactsUITests/Info.plist;
				LD_RUNPATH_SEARCH_PATHS = (
					"$(inherited)",
					"@executable_path/Frameworks",
					"@loader_path/Frameworks",
				);
				PRODUCT_BUNDLE_IDENTIFIER = gojek.GoContactsUITests;
				PRODUCT_NAME = "$(TARGET_NAME)";
				SWIFT_VERSION = 4.2;
				TARGETED_DEVICE_FAMILY = "1,2";
				TEST_TARGET_NAME = GoContacts;
			};
			name = Release;
		};
/* End XCBuildConfiguration section */

/* Begin XCConfigurationList section */
		8D958889227390AD004AF23F /* Build configuration list for PBXProject "GoContacts" */ = {
			isa = XCConfigurationList;
			buildConfigurations = (
				8D9588B4227390AE004AF23F /* Debug */,
				8D9588B5227390AE004AF23F /* Release */,
			);
			defaultConfigurationIsVisible = 0;
			defaultConfigurationName = Release;
		};
		8D9588B6227390AE004AF23F /* Build configuration list for PBXNativeTarget "GoContacts" */ = {
			isa = XCConfigurationList;
			buildConfigurations = (
				8D9588B7227390AE004AF23F /* Debug */,
				8D9588B8227390AE004AF23F /* Release */,
			);
			defaultConfigurationIsVisible = 0;
			defaultConfigurationName = Release;
		};
		8D9588B9227390AE004AF23F /* Build configuration list for PBXNativeTarget "GoContactsTests" */ = {
			isa = XCConfigurationList;
			buildConfigurations = (
				8D9588BA227390AE004AF23F /* Debug */,
				8D9588BB227390AE004AF23F /* Release */,
			);
			defaultConfigurationIsVisible = 0;
			defaultConfigurationName = Release;
		};
		8D9588BC227390AE004AF23F /* Build configuration list for PBXNativeTarget "GoContactsUITests" */ = {
			isa = XCConfigurationList;
			buildConfigurations = (
				8D9588BD227390AE004AF23F /* Debug */,
				8D9588BE227390AE004AF23F /* Release */,
			);
			defaultConfigurationIsVisible = 0;
			defaultConfigurationName = Release;
		};
/* End XCConfigurationList section */
	};
	rootObject = 8D958886227390AD004AF23F /* Project object */;
}
